
Microsoft Visual Studio Solution File, Format Version 12.00
# Visual Studio Version 17
VisualStudioVersion = 17.4.33205.214
MinimumVisualStudioVersion = 10.0.40219.1
Project("{FAE04EC0-301F-11D3-BF4B-00C04F79EFBC}") = "GeneroLivroApp", "GeneroLivroApp\GeneroLivroApp.csproj", "{D44738C6-62F4-4C87-934B-6F958DD50292}"
EndProject
Global
	GlobalSection(SolutionConfigurationPlatforms) = preSolution
		Debug|Any CPU = Debug|Any CPU
		Release|Any CPU = Release|Any CPU
	EndGlobalSection
	GlobalSection(ProjectConfigurationPlatforms) = postSolution
		{D44738C6-62F4-4C87-934B-6F958DD50292}.Debug|Any CPU.ActiveCfg = Debug|Any CPU
		{D44738C6-62F4-4C87-934B-6F958DD50292}.Debug|Any CPU.Build.0 = Debug|Any CPU
		{D44738C6-62F4-4C87-934B-6F958DD50292}.Release|Any CPU.ActiveCfg = Release|Any CPU
		{D44738C6-62F4-4C87-934B-6F958DD50292}.Release|Any CPU.Build.0 = Release|Any CPU
	EndGlobalSection
	GlobalSection(SolutionProperties) = preSolution
		HideSolutionNode = FALSE
	EndGlobalSection
	GlobalSection(ExtensibilityGlobals) = postSolution
		SolutionGuid = {BFCBB202-CC78-4EF9-A060-EB942C0F7E5D}
	EndGlobalSection
EndGlobal
